
Microsoft Visual Studio Solution File, Format Version 12.00
# Visual Studio Version 16
VisualStudioVersion = 16.0.30804.86
MinimumVisualStudioVersion = 10.0.40219.1
Project("{FAE04EC0-301F-11D3-BF4B-00C04F79EFBC}") = "employeeManagementSystem", "employeeManagementSystem\employeeManagementSystem.csproj", "{FD44FBF4-9B8C-4EFD-AA4A-120172F16F9F}"
EndProject
Project("{54435603-DBB4-11D2-8724-00A0C9A8B90C}") = "Setup3", "Setup3\Setup3.vdproj", "{EFF1D8C1-BFCA-4888-928A-A90DCC9CD0AE}"
EndProject
Global
	GlobalSection(SolutionConfigurationPlatforms) = preSolution
		Debug|Any CPU = Debug|Any CPU
		Release|Any CPU = Release|Any CPU
	EndGlobalSection
	GlobalSection(ProjectConfigurationPlatforms) = postSolution
		{FD44FBF4-9B8C-4EFD-AA4A-120172F16F9F}.Debug|Any CPU.ActiveCfg = Debug|Any CPU
		{FD44FBF4-9B8C-4EFD-AA4A-120172F16F9F}.Debug|Any CPU.Build.0 = Debug|Any CPU
		{FD44FBF4-9B8C-4EFD-AA4A-120172F16F9F}.Release|Any CPU.ActiveCfg = Release|Any CPU
		{FD44FBF4-9B8C-4EFD-AA4A-120172F16F9F}.Release|Any CPU.Build.0 = Release|Any CPU
		{EFF1D8C1-BFCA-4888-928A-A90DCC9CD0AE}.Debug|Any CPU.ActiveCfg = Debug
		{EFF1D8C1-BFCA-4888-928A-A90DCC9CD0AE}.Release|Any CPU.ActiveCfg = Release
	EndGlobalSection
	GlobalSection(SolutionProperties) = preSolution
		HideSolutionNode = FALSE
	EndGlobalSection
	GlobalSection(ExtensibilityGlobals) = postSolution
		SolutionGuid = {F390CFA8-946E-48A4-835F-F1E7EEC22F21}
	EndGlobalSection
EndGlobal
